// !$*UTF8*$!
{
	archiveVersion = 1;
	classes = {
	};
	objectVersion = 55;
	objects = {

/* Begin PBXBuildFile section */
		03111219268E04A600BB5A58 /* AnimeTimeLineApp.swift in Sources */ = {isa = PBXBuildFile; fileRef = 03111218268E04A600BB5A58 /* AnimeTimeLineApp.swift */; };
		0311121B268E04A600BB5A58 /* ContentView.swift in Sources */ = {isa = PBXBuildFile; fileRef = 0311121A268E04A600BB5A58 /* ContentView.swift */; };
		0311121D268E04A700BB5A58 /* Assets.xcassets in Resources */ = {isa = PBXBuildFile; fileRef = 0311121C268E04A700BB5A58 /* Assets.xcassets */; };
		03111220268E04A700BB5A58 /* Preview Assets.xcassets in Resources */ = {isa = PBXBuildFile; fileRef = 0311121F268E04A700BB5A58 /* Preview Assets.xcassets */; };
		0311122A268E04A800BB5A58 /* AnimeTimeLineTests.swift in Sources */ = {isa = PBXBuildFile; fileRef = 03111229268E04A800BB5A58 /* AnimeTimeLineTests.swift */; };
		03111234268E04A800BB5A58 /* AnimeTimeLineUITests.swift in Sources */ = {isa = PBXBuildFile; fileRef = 03111233268E04A800BB5A58 /* AnimeTimeLineUITests.swift */; };
		034E74F226BFFB1A00CCE4AF /* EpubView.swift in Sources */ = {isa = PBXBuildFile; fileRef = 034E74F126BFFB1A00CCE4AF /* EpubView.swift */; };
		034E74F626C0112E00CCE4AF /* MangaFileContentView.swift in Sources */ = {isa = PBXBuildFile; fileRef = 034E74F526C0112E00CCE4AF /* MangaFileContentView.swift */; };
		0380DF6B268FE89A00F0A79C /* AppDelegate.swift in Sources */ = {isa = PBXBuildFile; fileRef = 0380DF6A268FE89A00F0A79C /* AppDelegate.swift */; };
		0380DF6D268FEF0100F0A79C /* AnimeDetailView.swift in Sources */ = {isa = PBXBuildFile; fileRef = 0380DF6C268FEF0100F0A79C /* AnimeDetailView.swift */; };
		03B9E89826BECD9500445DAB /* MangaProvider.swift in Sources */ = {isa = PBXBuildFile; fileRef = 03B9E89726BECD9500445DAB /* MangaProvider.swift */; };
		03DFA44726A4691300EB3660 /* HomeTab.swift in Sources */ = {isa = PBXBuildFile; fileRef = 03DFA44626A4691300EB3660 /* HomeTab.swift */; };
		03DFA44926A46A2400EB3660 /* MangaContentView.swift in Sources */ = {isa = PBXBuildFile; fileRef = 03DFA44826A46A2400EB3660 /* MangaContentView.swift */; };
		03DFA44D26A46D5600EB3660 /* Manga.swift in Sources */ = {isa = PBXBuildFile; fileRef = 03DFA44C26A46D5600EB3660 /* Manga.swift */; };
		03DFA44F26A46EC100EB3660 /* MangaView.swift in Sources */ = {isa = PBXBuildFile; fileRef = 03DFA44E26A46EC100EB3660 /* MangaView.swift */; };
		03E7FA5D268F51B200AC5D5E /* AnimeDB.xcdatamodeld in Sources */ = {isa = PBXBuildFile; fileRef = 03E7FA5B268F51B200AC5D5E /* AnimeDB.xcdatamodeld */; };
		03E7FA5F268F525F00AC5D5E /* Anime.swift in Sources */ = {isa = PBXBuildFile; fileRef = 03E7FA5E268F525F00AC5D5E /* Anime.swift */; };
		03E7FA61268F54B000AC5D5E /* AnimeProvider.swift in Sources */ = {isa = PBXBuildFile; fileRef = 03E7FA60268F54B000AC5D5E /* AnimeProvider.swift */; };
		03E7FA63268F6EED00AC5D5E /* AnimeView.swift in Sources */ = {isa = PBXBuildFile; fileRef = 03E7FA62268F6EED00AC5D5E /* AnimeView.swift */; };
		0D309CF93439BA29758CA5A5 /* Pods_AnimeTimeLine.framework in Frameworks */ = {isa = PBXBuildFile; fileRef = E8F86925A11F3F9C1092485F /* Pods_AnimeTimeLine.framework */; };
		377D90ADA7E8391C05ACCFED /* Pods_AnimeTimeLineTests.framework in Frameworks */ = {isa = PBXBuildFile; fileRef = FD6FAF573C107720CDB73201 /* Pods_AnimeTimeLineTests.framework */; };
		4839CF9E26BF6F7800FE7448 /* MangaDetailView.swift in Sources */ = {isa = PBXBuildFile; fileRef = 4839CF9D26BF6F7800FE7448 /* MangaDetailView.swift */; };
		48D7B6C7268F04C700497BD3 /* Strings.strings in Resources */ = {isa = PBXBuildFile; fileRef = 48D7B6C6268F04C700497BD3 /* Strings.strings */; };
		DAA7DC09699ED023BB6C7366 /* Pods_AnimeTimeLine_AnimeTimeLineUITests.framework in Frameworks */ = {isa = PBXBuildFile; fileRef = 3502CAE9B66D3FC09576CEC6 /* Pods_AnimeTimeLine_AnimeTimeLineUITests.framework */; };
/* End PBXBuildFile section */

/* Begin PBXContainerItemProxy section */
		03111226268E04A800BB5A58 /* PBXContainerItemProxy */ = {
			isa = PBXContainerItemProxy;
			containerPortal = 0311120D268E04A600BB5A58 /* Project object */;
			proxyType = 1;
			remoteGlobalIDString = 03111214268E04A600BB5A58;
			remoteInfo = AnimeTimeLine;
		};
		03111230268E04A800BB5A58 /* PBXContainerItemProxy */ = {
			isa = PBXContainerItemProxy;
			containerPortal = 0311120D268E04A600BB5A58 /* Project object */;
			proxyType = 1;
			remoteGlobalIDString = 03111214268E04A600BB5A58;
			remoteInfo = AnimeTimeLine;
		};
/* End PBXContainerItemProxy section */

/* Begin PBXFileReference section */
		03111215268E04A600BB5A58 /* AnimeTimeLine.app */ = {isa = PBXFileReference; explicitFileType = wrapper.application; includeInIndex = 0; path = AnimeTimeLine.app; sourceTree = BUILT_PRODUCTS_DIR; };
		03111218268E04A600BB5A58 /* AnimeTimeLineApp.swift */ = {isa = PBXFileReference; lastKnownFileType = sourcecode.swift; path = AnimeTimeLineApp.swift; sourceTree = "<group>"; };
		0311121A268E04A600BB5A58 /* ContentView.swift */ = {isa = PBXFileReference; lastKnownFileType = sourcecode.swift; path = ContentView.swift; sourceTree = "<group>"; };
		0311121C268E04A700BB5A58 /* Assets.xcassets */ = {isa = PBXFileReference; lastKnownFileType = folder.assetcatalog; path = Assets.xcassets; sourceTree = "<group>"; };
		0311121F268E04A700BB5A58 /* Preview Assets.xcassets */ = {isa = PBXFileReference; lastKnownFileType = folder.assetcatalog; path = "Preview Assets.xcassets"; sourceTree = "<group>"; };
		03111225268E04A800BB5A58 /* AnimeTimeLineTests.xctest */ = {isa = PBXFileReference; explicitFileType = wrapper.cfbundle; includeInIndex = 0; path = AnimeTimeLineTests.xctest; sourceTree = BUILT_PRODUCTS_DIR; };
		03111229268E04A800BB5A58 /* AnimeTimeLineTests.swift */ = {isa = PBXFileReference; lastKnownFileType = sourcecode.swift; path = AnimeTimeLineTests.swift; sourceTree = "<group>"; };
		0311122F268E04A800BB5A58 /* AnimeTimeLineUITests.xctest */ = {isa = PBXFileReference; explicitFileType = wrapper.cfbundle; includeInIndex = 0; path = AnimeTimeLineUITests.xctest; sourceTree = BUILT_PRODUCTS_DIR; };
		03111233268E04A800BB5A58 /* AnimeTimeLineUITests.swift */ = {isa = PBXFileReference; lastKnownFileType = sourcecode.swift; path = AnimeTimeLineUITests.swift; sourceTree = "<group>"; };
		034E74F126BFFB1A00CCE4AF /* EpubView.swift */ = {isa = PBXFileReference; lastKnownFileType = sourcecode.swift; path = EpubView.swift; sourceTree = "<group>"; };
		034E74F526C0112E00CCE4AF /* MangaFileContentView.swift */ = {isa = PBXFileReference; lastKnownFileType = sourcecode.swift; path = MangaFileContentView.swift; sourceTree = "<group>"; };
		0380DF6A268FE89A00F0A79C /* AppDelegate.swift */ = {isa = PBXFileReference; lastKnownFileType = sourcecode.swift; path = AppDelegate.swift; sourceTree = "<group>"; };
		0380DF6C268FEF0100F0A79C /* AnimeDetailView.swift */ = {isa = PBXFileReference; lastKnownFileType = sourcecode.swift; path = AnimeDetailView.swift; sourceTree = "<group>"; };
		03B9E89726BECD9500445DAB /* MangaProvider.swift */ = {isa = PBXFileReference; lastKnownFileType = sourcecode.swift; path = MangaProvider.swift; sourceTree = "<group>"; };
		03DFA44626A4691300EB3660 /* HomeTab.swift */ = {isa = PBXFileReference; lastKnownFileType = sourcecode.swift; path = HomeTab.swift; sourceTree = "<group>"; };
		03DFA44826A46A2400EB3660 /* MangaContentView.swift */ = {isa = PBXFileReference; lastKnownFileType = sourcecode.swift; path = MangaContentView.swift; sourceTree = "<group>"; };
		03DFA44C26A46D5600EB3660 /* Manga.swift */ = {isa = PBXFileReference; lastKnownFileType = sourcecode.swift; path = Manga.swift; sourceTree = "<group>"; };
		03DFA44E26A46EC100EB3660 /* MangaView.swift */ = {isa = PBXFileReference; lastKnownFileType = sourcecode.swift; path = MangaView.swift; sourceTree = "<group>"; };
		03E7FA5C268F51B200AC5D5E /* AnimeDB.xcdatamodel */ = {isa = PBXFileReference; lastKnownFileType = wrapper.xcdatamodel; path = AnimeDB.xcdatamodel; sourceTree = "<group>"; };
		03E7FA5E268F525F00AC5D5E /* Anime.swift */ = {isa = PBXFileReference; lastKnownFileType = sourcecode.swift; path = Anime.swift; sourceTree = "<group>"; };
		03E7FA60268F54B000AC5D5E /* AnimeProvider.swift */ = {isa = PBXFileReference; lastKnownFileType = sourcecode.swift; path = AnimeProvider.swift; sourceTree = "<group>"; };
		03E7FA62268F6EED00AC5D5E /* AnimeView.swift */ = {isa = PBXFileReference; lastKnownFileType = sourcecode.swift; path = AnimeView.swift; sourceTree = "<group>"; };
		227524D622257057FC510B3E /* Pods-AnimeTimeLine-AnimeTimeLineUITests.release.xcconfig */ = {isa = PBXFileReference; includeInIndex = 1; lastKnownFileType = text.xcconfig; name = "Pods-AnimeTimeLine-AnimeTimeLineUITests.release.xcconfig"; path = "Target Support Files/Pods-AnimeTimeLine-AnimeTimeLineUITests/Pods-AnimeTimeLine-AnimeTimeLineUITests.release.xcconfig"; sourceTree = "<group>"; };
		23287521ADE0B770DD7E96E9 /* Pods-AnimeTimeLine-AnimeTimeLineUITests.debug.xcconfig */ = {isa = PBXFileReference; includeInIndex = 1; lastKnownFileType = text.xcconfig; name = "Pods-AnimeTimeLine-AnimeTimeLineUITests.debug.xcconfig"; path = "Target Support Files/Pods-AnimeTimeLine-AnimeTimeLineUITests/Pods-AnimeTimeLine-AnimeTimeLineUITests.debug.xcconfig"; sourceTree = "<group>"; };
		2E751293743E4F01A99894AA /* Pods-AnimeTimeLine.debug.xcconfig */ = {isa = PBXFileReference; includeInIndex = 1; lastKnownFileType = text.xcconfig; name = "Pods-AnimeTimeLine.debug.xcconfig"; path = "Target Support Files/Pods-AnimeTimeLine/Pods-AnimeTimeLine.debug.xcconfig"; sourceTree = "<group>"; };
		3502CAE9B66D3FC09576CEC6 /* Pods_AnimeTimeLine_AnimeTimeLineUITests.framework */ = {isa = PBXFileReference; explicitFileType = wrapper.framework; includeInIndex = 0; path = Pods_AnimeTimeLine_AnimeTimeLineUITests.framework; sourceTree = BUILT_PRODUCTS_DIR; };
		4839CF9D26BF6F7800FE7448 /* MangaDetailView.swift */ = {isa = PBXFileReference; lastKnownFileType = sourcecode.swift; path = MangaDetailView.swift; sourceTree = "<group>"; };
		48D7B6C6268F04C700497BD3 /* Strings.strings */ = {isa = PBXFileReference; lastKnownFileType = text.plist.strings; path = Strings.strings; sourceTree = "<group>"; };
		765475703F2B1C403A4674B5 /* Pods-AnimeTimeLine.release.xcconfig */ = {isa = PBXFileReference; includeInIndex = 1; lastKnownFileType = text.xcconfig; name = "Pods-AnimeTimeLine.release.xcconfig"; path = "Target Support Files/Pods-AnimeTimeLine/Pods-AnimeTimeLine.release.xcconfig"; sourceTree = "<group>"; };
		BA4DB758792E74B743CBA002 /* Pods-AnimeTimeLineTests.debug.xcconfig */ = {isa = PBXFileReference; includeInIndex = 1; lastKnownFileType = text.xcconfig; name = "Pods-AnimeTimeLineTests.debug.xcconfig"; path = "Target Support Files/Pods-AnimeTimeLineTests/Pods-AnimeTimeLineTests.debug.xcconfig"; sourceTree = "<group>"; };
		E8F86925A11F3F9C1092485F /* Pods_AnimeTimeLine.framework */ = {isa = PBXFileReference; explicitFileType = wrapper.framework; includeInIndex = 0; path = Pods_AnimeTimeLine.framework; sourceTree = BUILT_PRODUCTS_DIR; };
		F8C2099E447BD30B84330EE9 /* Pods-AnimeTimeLineTests.release.xcconfig */ = {isa = PBXFileReference; includeInIndex = 1; lastKnownFileType = text.xcconfig; name = "Pods-AnimeTimeLineTests.release.xcconfig"; path = "Target Support Files/Pods-AnimeTimeLineTests/Pods-AnimeTimeLineTests.release.xcconfig"; sourceTree = "<group>"; };
		FD6FAF573C107720CDB73201 /* Pods_AnimeTimeLineTests.framework */ = {isa = PBXFileReference; explicitFileType = wrapper.framework; includeInIndex = 0; path = Pods_AnimeTimeLineTests.framework; sourceTree = BUILT_PRODUCTS_DIR; };
/* End PBXFileReference section */

/* Begin PBXFrameworksBuildPhase section */
		03111212268E04A600BB5A58 /* Frameworks */ = {
			isa = PBXFrameworksBuildPhase;
			buildActionMask = 2147483647;
			files = (
				0D309CF93439BA29758CA5A5 /* Pods_AnimeTimeLine.framework in Frameworks */,
			);
			runOnlyForDeploymentPostprocessing = 0;
		};
		03111222268E04A800BB5A58 /* Frameworks */ = {
			isa = PBXFrameworksBuildPhase;
			buildActionMask = 2147483647;
			files = (
				377D90ADA7E8391C05ACCFED /* Pods_AnimeTimeLineTests.framework in Frameworks */,
			);
			runOnlyForDeploymentPostprocessing = 0;
		};
		0311122C268E04A800BB5A58 /* Frameworks */ = {
			isa = PBXFrameworksBuildPhase;
			buildActionMask = 2147483647;
			files = (
				DAA7DC09699ED023BB6C7366 /* Pods_AnimeTimeLine_AnimeTimeLineUITests.framework in Frameworks */,
			);
			runOnlyForDeploymentPostprocessing = 0;
		};
/* End PBXFrameworksBuildPhase section */

/* Begin PBXGroup section */
		0311120C268E04A600BB5A58 = {
			isa = PBXGroup;
			children = (
				0380DF6A268FE89A00F0A79C /* AppDelegate.swift */,
				48D7B6C6268F04C700497BD3 /* Strings.strings */,
				03111217268E04A600BB5A58 /* AnimeTimeLine */,
				03111228268E04A800BB5A58 /* AnimeTimeLineTests */,
				03111232268E04A800BB5A58 /* AnimeTimeLineUITests */,
				03111216268E04A600BB5A58 /* Products */,
				B1BF169E1B2A462D86B2A5DF /* Pods */,
				A4F009B9BD7EF3CAD0AA5D97 /* Frameworks */,
			);
			sourceTree = "<group>";
		};
		03111216268E04A600BB5A58 /* Products */ = {
			isa = PBXGroup;
			children = (
				03111215268E04A600BB5A58 /* AnimeTimeLine.app */,
				03111225268E04A800BB5A58 /* AnimeTimeLineTests.xctest */,
				0311122F268E04A800BB5A58 /* AnimeTimeLineUITests.xctest */,
			);
			name = Products;
			sourceTree = "<group>";
		};
		03111217268E04A600BB5A58 /* AnimeTimeLine */ = {
			isa = PBXGroup;
			children = (
				03111218268E04A600BB5A58 /* AnimeTimeLineApp.swift */,
				0311121C268E04A700BB5A58 /* Assets.xcassets */,
				0311121E268E04A700BB5A58 /* Preview Content */,
				03E7FA5B268F51B200AC5D5E /* AnimeDB.xcdatamodeld */,
				03DFA44A26A46CF000EB3660 /* Anime */,
				03DFA44626A4691300EB3660 /* HomeTab.swift */,
				03DFA44B26A46D1B00EB3660 /* Manga */,
			);
			path = AnimeTimeLine;
			sourceTree = "<group>";
		};
		0311121E268E04A700BB5A58 /* Preview Content */ = {
			isa = PBXGroup;
			children = (
				0311121F268E04A700BB5A58 /* Preview Assets.xcassets */,
			);
			path = "Preview Content";
			sourceTree = "<group>";
		};
		03111228268E04A800BB5A58 /* AnimeTimeLineTests */ = {
			isa = PBXGroup;
			children = (
				03111229268E04A800BB5A58 /* AnimeTimeLineTests.swift */,
			);
			path = AnimeTimeLineTests;
			sourceTree = "<group>";
		};
		03111232268E04A800BB5A58 /* AnimeTimeLineUITests */ = {
			isa = PBXGroup;
			children = (
				03111233268E04A800BB5A58 /* AnimeTimeLineUITests.swift */,
			);
			path = AnimeTimeLineUITests;
			sourceTree = "<group>";
		};
		03DFA44A26A46CF000EB3660 /* Anime */ = {
			isa = PBXGroup;
			children = (
				03E7FA62268F6EED00AC5D5E /* AnimeView.swift */,
				0311121A268E04A600BB5A58 /* ContentView.swift */,
				03E7FA5E268F525F00AC5D5E /* Anime.swift */,
				03E7FA60268F54B000AC5D5E /* AnimeProvider.swift */,
				0380DF6C268FEF0100F0A79C /* AnimeDetailView.swift */,
			);
			path = Anime;
			sourceTree = "<group>";
		};
		03DFA44B26A46D1B00EB3660 /* Manga */ = {
			isa = PBXGroup;
			children = (
				03DFA44826A46A2400EB3660 /* MangaContentView.swift */,
				03DFA44C26A46D5600EB3660 /* Manga.swift */,
				03DFA44E26A46EC100EB3660 /* MangaView.swift */,
				03B9E89726BECD9500445DAB /* MangaProvider.swift */,
				4839CF9D26BF6F7800FE7448 /* MangaDetailView.swift */,
				034E74F126BFFB1A00CCE4AF /* EpubView.swift */,
				034E74F526C0112E00CCE4AF /* MangaFileContentView.swift */,
			);
			path = Manga;
			sourceTree = "<group>";
		};
		A4F009B9BD7EF3CAD0AA5D97 /* Frameworks */ = {
			isa = PBXGroup;
			children = (
				E8F86925A11F3F9C1092485F /* Pods_AnimeTimeLine.framework */,
				3502CAE9B66D3FC09576CEC6 /* Pods_AnimeTimeLine_AnimeTimeLineUITests.framework */,
				FD6FAF573C107720CDB73201 /* Pods_AnimeTimeLineTests.framework */,
			);
			name = Frameworks;
			sourceTree = "<group>";
		};
		B1BF169E1B2A462D86B2A5DF /* Pods */ = {
			isa = PBXGroup;
			children = (
				2E751293743E4F01A99894AA /* Pods-AnimeTimeLine.debug.xcconfig */,
				765475703F2B1C403A4674B5 /* Pods-AnimeTimeLine.release.xcconfig */,
				23287521ADE0B770DD7E96E9 /* Pods-AnimeTimeLine-AnimeTimeLineUITests.debug.xcconfig */,
				227524D622257057FC510B3E /* Pods-AnimeTimeLine-AnimeTimeLineUITests.release.xcconfig */,
				BA4DB758792E74B743CBA002 /* Pods-AnimeTimeLineTests.debug.xcconfig */,
				F8C2099E447BD30B84330EE9 /* Pods-AnimeTimeLineTests.release.xcconfig */,
			);
			path = Pods;
			sourceTree = "<group>";
		};
/* End PBXGroup section */

/* Begin PBXNativeTarget section */
		03111214268E04A600BB5A58 /* AnimeTimeLine */ = {
			isa = PBXNativeTarget;
			buildConfigurationList = 03111237268E04A800BB5A58 /* Build configuration list for PBXNativeTarget "AnimeTimeLine" */;
			buildPhases = (
				8C189E519D9CFE2D41A08326 /* [CP] Check Pods Manifest.lock */,
				03111211268E04A600BB5A58 /* Sources */,
				03111212268E04A600BB5A58 /* Frameworks */,
				03111213268E04A600BB5A58 /* Resources */,
				99E98B95C7422278820AE916 /* [CP] Embed Pods Frameworks */,
			);
			buildRules = (
			);
			dependencies = (
			);
			name = AnimeTimeLine;
			packageProductDependencies = (
			);
			productName = AnimeTimeLine;
			productReference = 03111215268E04A600BB5A58 /* AnimeTimeLine.app */;
			productType = "com.apple.product-type.application";
		};
		03111224268E04A800BB5A58 /* AnimeTimeLineTests */ = {
			isa = PBXNativeTarget;
			buildConfigurationList = 0311123A268E04A800BB5A58 /* Build configuration list for PBXNativeTarget "AnimeTimeLineTests" */;
			buildPhases = (
				2F25ADD63C4553A2717B9190 /* [CP] Check Pods Manifest.lock */,
				03111221268E04A800BB5A58 /* Sources */,
				03111222268E04A800BB5A58 /* Frameworks */,
				03111223268E04A800BB5A58 /* Resources */,
			);
			buildRules = (
			);
			dependencies = (
				03111227268E04A800BB5A58 /* PBXTargetDependency */,
			);
			name = AnimeTimeLineTests;
			productName = AnimeTimeLineTests;
			productReference = 03111225268E04A800BB5A58 /* AnimeTimeLineTests.xctest */;
			productType = "com.apple.product-type.bundle.unit-test";
		};
		0311122E268E04A800BB5A58 /* AnimeTimeLineUITests */ = {
			isa = PBXNativeTarget;
			buildConfigurationList = 0311123D268E04A800BB5A58 /* Build configuration list for PBXNativeTarget "AnimeTimeLineUITests" */;
			buildPhases = (
				08F01DE6E1F7DA3D6C743FCD /* [CP] Check Pods Manifest.lock */,
				0311122B268E04A800BB5A58 /* Sources */,
				0311122C268E04A800BB5A58 /* Frameworks */,
				0311122D268E04A800BB5A58 /* Resources */,
				9E8C98A12A266BE54051ADBF /* [CP] Embed Pods Frameworks */,
			);
			buildRules = (
			);
			dependencies = (
				03111231268E04A800BB5A58 /* PBXTargetDependency */,
			);
			name = AnimeTimeLineUITests;
			productName = AnimeTimeLineUITests;
			productReference = 0311122F268E04A800BB5A58 /* AnimeTimeLineUITests.xctest */;
			productType = "com.apple.product-type.bundle.ui-testing";
		};
/* End PBXNativeTarget section */

/* Begin PBXProject section */
		0311120D268E04A600BB5A58 /* Project object */ = {
			isa = PBXProject;
			attributes = {
				BuildIndependentTargetsInParallel = 1;
				LastSwiftUpdateCheck = 1300;
				LastUpgradeCheck = 1300;
				TargetAttributes = {
					03111214268E04A600BB5A58 = {
						CreatedOnToolsVersion = 13.0;
					};
					03111224268E04A800BB5A58 = {
						CreatedOnToolsVersion = 13.0;
						TestTargetID = 03111214268E04A600BB5A58;
					};
					0311122E268E04A800BB5A58 = {
						CreatedOnToolsVersion = 13.0;
						TestTargetID = 03111214268E04A600BB5A58;
					};
				};
			};
			buildConfigurationList = 03111210268E04A600BB5A58 /* Build configuration list for PBXProject "AnimeTimeLine" */;
			compatibilityVersion = "Xcode 13.0";
			developmentRegion = en;
			hasScannedForEncodings = 0;
			knownRegions = (
				en,
				Base,
			);
			mainGroup = 0311120C268E04A600BB5A58;
			packageReferences = (
				0380DF67268FE80B00F0A79C /* XCRemoteSwiftPackageReference "SDWebImageSwiftUI" */,
			);
			productRefGroup = 03111216268E04A600BB5A58 /* Products */;
			projectDirPath = "";
			projectRoot = "";
			targets = (
				03111214268E04A600BB5A58 /* AnimeTimeLine */,
				03111224268E04A800BB5A58 /* AnimeTimeLineTests */,
				0311122E268E04A800BB5A58 /* AnimeTimeLineUITests */,
			);
		};
/* End PBXProject section */

/* Begin PBXResourcesBuildPhase section */
		03111213268E04A600BB5A58 /* Resources */ = {
			isa = PBXResourcesBuildPhase;
			buildActionMask = 2147483647;
			files = (
				03111220268E04A700BB5A58 /* Preview Assets.xcassets in Resources */,
				0311121D268E04A700BB5A58 /* Assets.xcassets in Resources */,
				48D7B6C7268F04C700497BD3 /* Strings.strings in Resources */,
			);
			runOnlyForDeploymentPostprocessing = 0;
		};
		03111223268E04A800BB5A58 /* Resources */ = {
			isa = PBXResourcesBuildPhase;
			buildActionMask = 2147483647;
			files = (
			);
			runOnlyForDeploymentPostprocessing = 0;
		};
		0311122D268E04A800BB5A58 /* Resources */ = {
			isa = PBXResourcesBuildPhase;
			buildActionMask = 2147483647;
			files = (
			);
			runOnlyForDeploymentPostprocessing = 0;
		};
/* End PBXResourcesBuildPhase section */

/* Begin PBXShellScriptBuildPhase section */
		08F01DE6E1F7DA3D6C743FCD /* [CP] Check Pods Manifest.lock */ = {
			isa = PBXShellScriptBuildPhase;
			buildActionMask = 2147483647;
			files = (
			);
			inputFileListPaths = (
			);
			inputPaths = (
				"${PODS_PODFILE_DIR_PATH}/Podfile.lock",
				"${PODS_ROOT}/Manifest.lock",
			);
			name = "[CP] Check Pods Manifest.lock";
			outputFileListPaths = (
			);
			outputPaths = (
				"$(DERIVED_FILE_DIR)/Pods-AnimeTimeLine-AnimeTimeLineUITests-checkManifestLockResult.txt",
			);
			runOnlyForDeploymentPostprocessing = 0;
			shellPath = /bin/sh;
			shellScript = "diff \"${PODS_PODFILE_DIR_PATH}/Podfile.lock\" \"${PODS_ROOT}/Manifest.lock\" > /dev/null\nif [ $? != 0 ] ; then\n    # print error to STDERR\n    echo \"error: The sandbox is not in sync with the Podfile.lock. Run 'pod install' or update your CocoaPods installation.\" >&2\n    exit 1\nfi\n# This output is used by Xcode 'outputs' to avoid re-running this script phase.\necho \"SUCCESS\" > \"${SCRIPT_OUTPUT_FILE_0}\"\n";
			showEnvVarsInLog = 0;
		};
		2F25ADD63C4553A2717B9190 /* [CP] Check Pods Manifest.lock */ = {
			isa = PBXShellScriptBuildPhase;
			buildActionMask = 2147483647;
			files = (
			);
			inputFileListPaths = (
			);
			inputPaths = (
				"${PODS_PODFILE_DIR_PATH}/Podfile.lock",
				"${PODS_ROOT}/Manifest.lock",
			);
			name = "[CP] Check Pods Manifest.lock";
			outputFileListPaths = (
			);
			outputPaths = (
				"$(DERIVED_FILE_DIR)/Pods-AnimeTimeLineTests-checkManifestLockResult.txt",
			);
			runOnlyForDeploymentPostprocessing = 0;
			shellPath = /bin/sh;
			shellScript = "diff \"${PODS_PODFILE_DIR_PATH}/Podfile.lock\" \"${PODS_ROOT}/Manifest.lock\" > /dev/null\nif [ $? != 0 ] ; then\n    # print error to STDERR\n    echo \"error: The sandbox is not in sync with the Podfile.lock. Run 'pod install' or update your CocoaPods installation.\" >&2\n    exit 1\nfi\n# This output is used by Xcode 'outputs' to avoid re-running this script phase.\necho \"SUCCESS\" > \"${SCRIPT_OUTPUT_FILE_0}\"\n";
			showEnvVarsInLog = 0;
		};
		8C189E519D9CFE2D41A08326 /* [CP] Check Pods Manifest.lock */ = {
			isa = PBXShellScriptBuildPhase;
			buildActionMask = 2147483647;
			files = (
			);
			inputFileListPaths = (
			);
			inputPaths = (
				"${PODS_PODFILE_DIR_PATH}/Podfile.lock",
				"${PODS_ROOT}/Manifest.lock",
			);
			name = "[CP] Check Pods Manifest.lock";
			outputFileListPaths = (
			);
			outputPaths = (
				"$(DERIVED_FILE_DIR)/Pods-AnimeTimeLine-checkManifestLockResult.txt",
			);
			runOnlyForDeploymentPostprocessing = 0;
			shellPath = /bin/sh;
			shellScript = "diff \"${PODS_PODFILE_DIR_PATH}/Podfile.lock\" \"${PODS_ROOT}/Manifest.lock\" > /dev/null\nif [ $? != 0 ] ; then\n    # print error to STDERR\n    echo \"error: The sandbox is not in sync with the Podfile.lock. Run 'pod install' or update your CocoaPods installation.\" >&2\n    exit 1\nfi\n# This output is used by Xcode 'outputs' to avoid re-running this script phase.\necho \"SUCCESS\" > \"${SCRIPT_OUTPUT_FILE_0}\"\n";
			showEnvVarsInLog = 0;
		};
		99E98B95C7422278820AE916 /* [CP] Embed Pods Frameworks */ = {
			isa = PBXShellScriptBuildPhase;
			buildActionMask = 2147483647;
			files = (
			);
			inputFileListPaths = (
				"${PODS_ROOT}/Target Support Files/Pods-AnimeTimeLine/Pods-AnimeTimeLine-frameworks-${CONFIGURATION}-input-files.xcfilelist",
			);
			name = "[CP] Embed Pods Frameworks";
			outputFileListPaths = (
				"${PODS_ROOT}/Target Support Files/Pods-AnimeTimeLine/Pods-AnimeTimeLine-frameworks-${CONFIGURATION}-output-files.xcfilelist",
			);
			runOnlyForDeploymentPostprocessing = 0;
			shellPath = /bin/sh;
			shellScript = "\"${PODS_ROOT}/Target Support Files/Pods-AnimeTimeLine/Pods-AnimeTimeLine-frameworks.sh\"\n";
			showEnvVarsInLog = 0;
		};
		9E8C98A12A266BE54051ADBF /* [CP] Embed Pods Frameworks */ = {
			isa = PBXShellScriptBuildPhase;
			buildActionMask = 2147483647;
			files = (
			);
			inputFileListPaths = (
				"${PODS_ROOT}/Target Support Files/Pods-AnimeTimeLine-AnimeTimeLineUITests/Pods-AnimeTimeLine-AnimeTimeLineUITests-frameworks-${CONFIGURATION}-input-files.xcfilelist",
			);
			name = "[CP] Embed Pods Frameworks";
			outputFileListPaths = (
				"${PODS_ROOT}/Target Support Files/Pods-AnimeTimeLine-AnimeTimeLineUITests/Pods-AnimeTimeLine-AnimeTimeLineUITests-frameworks-${CONFIGURATION}-output-files.xcfilelist",
			);
			runOnlyForDeploymentPostprocessing = 0;
			shellPath = /bin/sh;
			shellScript = "\"${PODS_ROOT}/Target Support Files/Pods-AnimeTimeLine-AnimeTimeLineUITests/Pods-AnimeTimeLine-AnimeTimeLineUITests-frameworks.sh\"\n";
			showEnvVarsInLog = 0;
		};
/* End PBXShellScriptBuildPhase section */

/* Begin PBXSourcesBuildPhase section */
		03111211268E04A600BB5A58 /* Sources */ = {
			isa = PBXSourcesBuildPhase;
			buildActionMask = 2147483647;
			files = (
				034E74F426BFFC3A00CCE4AF /* MangaFileManager.swift in Sources */,
				0380DF6D268FEF0100F0A79C /* AnimeDetailView.swift in Sources */,
				03DFA44926A46A2400EB3660 /* MangaContentView.swift in Sources */,
				034E74F626C0112E00CCE4AF /* MangaFileContentView.swift in Sources */,
				03E7FA5F268F525F00AC5D5E /* Anime.swift in Sources */,
				03DFA44D26A46D5600EB3660 /* Manga.swift in Sources */,
				034E74F826C0156C00CCE4AF /* EpubBookManager.swift in Sources */,
				0311121B268E04A600BB5A58 /* ContentView.swift in Sources */,
				03E7FA61268F54B000AC5D5E /* AnimeProvider.swift in Sources */,
				4839CF9E26BF6F7800FE7448 /* MangaDetailView.swift in Sources */,
				03B9E89826BECD9500445DAB /* MangaProvider.swift in Sources */,
				03E7FA63268F6EED00AC5D5E /* AnimeView.swift in Sources */,
				0380DF6B268FE89A00F0A79C /* AppDelegate.swift in Sources */,
				03DFA44726A4691300EB3660 /* HomeTab.swift in Sources */,
				03DFA44F26A46EC100EB3660 /* MangaView.swift in Sources */,
				03E7FA5D268F51B200AC5D5E /* AnimeDB.xcdatamodeld in Sources */,
				034E74F226BFFB1A00CCE4AF /* EpubView.swift in Sources */,
				03111219268E04A600BB5A58 /* AnimeTimeLineApp.swift in Sources */,
			);
			runOnlyForDeploymentPostprocessing = 0;
		};
		03111221268E04A800BB5A58 /* Sources */ = {
			isa = PBXSourcesBuildPhase;
			buildActionMask = 2147483647;
			files = (
				0311122A268E04A800BB5A58 /* AnimeTimeLineTests.swift in Sources */,
			);
			runOnlyForDeploymentPostprocessing = 0;
		};
		0311122B268E04A800BB5A58 /* Sources */ = {
			isa = PBXSourcesBuildPhase;
			buildActionMask = 2147483647;
			files = (
				03111234268E04A800BB5A58 /* AnimeTimeLineUITests.swift in Sources */,
			);
			runOnlyForDeploymentPostprocessing = 0;
		};
/* End PBXSourcesBuildPhase section */

/* Begin PBXTargetDependency section */
		03111227268E04A800BB5A58 /* PBXTargetDependency */ = {
			isa = PBXTargetDependency;
			target = 03111214268E04A600BB5A58 /* AnimeTimeLine */;
			targetProxy = 03111226268E04A800BB5A58 /* PBXContainerItemProxy */;
		};
		03111231268E04A800BB5A58 /* PBXTargetDependency */ = {
			isa = PBXTargetDependency;
			target = 03111214268E04A600BB5A58 /* AnimeTimeLine */;
			targetProxy = 03111230268E04A800BB5A58 /* PBXContainerItemProxy */;
		};
/* End PBXTargetDependency section */

/* Begin XCBuildConfiguration section */
		03111235268E04A800BB5A58 /* Debug */ = {
			isa = XCBuildConfiguration;
			buildSettings = {
				ALWAYS_SEARCH_USER_PATHS = NO;
				CLANG_ANALYZER_NONNULL = YES;
				CLANG_ANALYZER_NUMBER_OBJECT_CONVERSION = YES_AGGRESSIVE;
				CLANG_CXX_LANGUAGE_STANDARD = "gnu++14";
				CLANG_CXX_LIBRARY = "libc++";
				CLANG_ENABLE_MODULES = YES;
				CLANG_ENABLE_OBJC_ARC = YES;
				CLANG_ENABLE_OBJC_WEAK = YES;
				CLANG_WARN_BLOCK_CAPTURE_AUTORELEASING = YES;
				CLANG_WARN_BOOL_CONVERSION = YES;
				CLANG_WARN_COMMA = YES;
				CLANG_WARN_CONSTANT_CONVERSION = YES;
				CLANG_WARN_DEPRECATED_OBJC_IMPLEMENTATIONS = YES;
				CLANG_WARN_DIRECT_OBJC_ISA_USAGE = YES_ERROR;
				CLANG_WARN_DOCUMENTATION_COMMENTS = YES;
				CLANG_WARN_EMPTY_BODY = YES;
				CLANG_WARN_ENUM_CONVERSION = YES;
				CLANG_WARN_INFINITE_RECURSION = YES;
				CLANG_WARN_INT_CONVERSION = YES;
				CLANG_WARN_NON_LITERAL_NULL_CONVERSION = YES;
				CLANG_WARN_OBJC_IMPLICIT_RETAIN_SELF = YES;
				CLANG_WARN_OBJC_LITERAL_CONVERSION = YES;
				CLANG_WARN_OBJC_ROOT_CLASS = YES_ERROR;
				CLANG_WARN_QUOTED_INCLUDE_IN_FRAMEWORK_HEADER = YES;
				CLANG_WARN_RANGE_LOOP_ANALYSIS = YES;
				CLANG_WARN_STRICT_PROTOTYPES = YES;
				CLANG_WARN_SUSPICIOUS_MOVE = YES;
				CLANG_WARN_UNGUARDED_AVAILABILITY = YES_AGGRESSIVE;
				CLANG_WARN_UNREACHABLE_CODE = YES;
				CLANG_WARN__DUPLICATE_METHOD_MATCH = YES;
				COPY_PHASE_STRIP = NO;
				DEBUG_INFORMATION_FORMAT = dwarf;
				ENABLE_STRICT_OBJC_MSGSEND = YES;
				ENABLE_TESTABILITY = YES;
				GCC_C_LANGUAGE_STANDARD = gnu11;
				GCC_DYNAMIC_NO_PIC = NO;
				GCC_NO_COMMON_BLOCKS = YES;
				GCC_OPTIMIZATION_LEVEL = 0;
				GCC_PREPROCESSOR_DEFINITIONS = (
					"DEBUG=1",
					"$(inherited)",
				);
				GCC_WARN_64_TO_32_BIT_CONVERSION = YES;
				GCC_WARN_ABOUT_RETURN_TYPE = YES_ERROR;
				GCC_WARN_UNDECLARED_SELECTOR = YES;
				GCC_WARN_UNINITIALIZED_AUTOS = YES_AGGRESSIVE;
				GCC_WARN_UNUSED_FUNCTION = YES;
				GCC_WARN_UNUSED_VARIABLE = YES;
				IPHONEOS_DEPLOYMENT_TARGET = 15.0;
				MTL_ENABLE_DEBUG_INFO = INCLUDE_SOURCE;
				MTL_FAST_MATH = YES;
				ONLY_ACTIVE_ARCH = YES;
				SDKROOT = iphoneos;
				SWIFT_ACTIVE_COMPILATION_CONDITIONS = DEBUG;
				SWIFT_OPTIMIZATION_LEVEL = "-Onone";
			};
			name = Debug;
		};
		03111236268E04A800BB5A58 /* Release */ = {
			isa = XCBuildConfiguration;
			buildSettings = {
				ALWAYS_SEARCH_USER_PATHS = NO;
				CLANG_ANALYZER_NONNULL = YES;
				CLANG_ANALYZER_NUMBER_OBJECT_CONVERSION = YES_AGGRESSIVE;
				CLANG_CXX_LANGUAGE_STANDARD = "gnu++14";
				CLANG_CXX_LIBRARY = "libc++";
				CLANG_ENABLE_MODULES = YES;
				CLANG_ENABLE_OBJC_ARC = YES;
				CLANG_ENABLE_OBJC_WEAK = YES;
				CLANG_WARN_BLOCK_CAPTURE_AUTORELEASING = YES;
				CLANG_WARN_BOOL_CONVERSION = YES;
				CLANG_WARN_COMMA = YES;
				CLANG_WARN_CONSTANT_CONVERSION = YES;
				CLANG_WARN_DEPRECATED_OBJC_IMPLEMENTATIONS = YES;
				CLANG_WARN_DIRECT_OBJC_ISA_USAGE = YES_ERROR;
				CLANG_WARN_DOCUMENTATION_COMMENTS = YES;
				CLANG_WARN_EMPTY_BODY = YES;
				CLANG_WARN_ENUM_CONVERSION = YES;
				CLANG_WARN_INFINITE_RECURSION = YES;
				CLANG_WARN_INT_CONVERSION = YES;
				CLANG_WARN_NON_LITERAL_NULL_CONVERSION = YES;
				CLANG_WARN_OBJC_IMPLICIT_RETAIN_SELF = YES;
				CLANG_WARN_OBJC_LITERAL_CONVERSION = YES;
				CLANG_WARN_OBJC_ROOT_CLASS = YES_ERROR;
				CLANG_WARN_QUOTED_INCLUDE_IN_FRAMEWORK_HEADER = YES;
				CLANG_WARN_RANGE_LOOP_ANALYSIS = YES;
				CLANG_WARN_STRICT_PROTOTYPES = YES;
				CLANG_WARN_SUSPICIOUS_MOVE = YES;
				CLANG_WARN_UNGUARDED_AVAILABILITY = YES_AGGRESSIVE;
				CLANG_WARN_UNREACHABLE_CODE = YES;
				CLANG_WARN__DUPLICATE_METHOD_MATCH = YES;
				COPY_PHASE_STRIP = NO;
				DEBUG_INFORMATION_FORMAT = "dwarf-with-dsym";
				ENABLE_NS_ASSERTIONS = NO;
				ENABLE_STRICT_OBJC_MSGSEND = YES;
				GCC_C_LANGUAGE_STANDARD = gnu11;
				GCC_NO_COMMON_BLOCKS = YES;
				GCC_WARN_64_TO_32_BIT_CONVERSION = YES;
				GCC_WARN_ABOUT_RETURN_TYPE = YES_ERROR;
				GCC_WARN_UNDECLARED_SELECTOR = YES;
				GCC_WARN_UNINITIALIZED_AUTOS = YES_AGGRESSIVE;
				GCC_WARN_UNUSED_FUNCTION = YES;
				GCC_WARN_UNUSED_VARIABLE = YES;
				IPHONEOS_DEPLOYMENT_TARGET = 15.0;
				MTL_ENABLE_DEBUG_INFO = NO;
				MTL_FAST_MATH = YES;
				SDKROOT = iphoneos;
				SWIFT_COMPILATION_MODE = wholemodule;
				SWIFT_OPTIMIZATION_LEVEL = "-O";
				VALIDATE_PRODUCT = YES;
			};
			name = Release;
		};
		03111238268E04A800BB5A58 /* Debug */ = {
			isa = XCBuildConfiguration;
			baseConfigurationReference = 2E751293743E4F01A99894AA /* Pods-AnimeTimeLine.debug.xcconfig */;
			buildSettings = {
				ASSETCATALOG_COMPILER_APPICON_NAME = AppIcon;
				ASSETCATALOG_COMPILER_GLOBAL_ACCENT_COLOR_NAME = AccentColor;
				CODE_SIGN_IDENTITY = "Apple Development";
				CODE_SIGN_STYLE = Automatic;
				CURRENT_PROJECT_VERSION = 1;
				DEVELOPMENT_ASSET_PATHS = "\"AnimeTimeLine/Preview Content\"";
				DEVELOPMENT_TEAM = KZ4FYT4Z48;
				ENABLE_PREVIEWS = YES;
				GENERATE_INFOPLIST_FILE = YES;
				INFOPLIST_KEY_UIApplicationSceneManifest_Generation = YES;
				INFOPLIST_KEY_UIApplicationSupportsIndirectInputEvents = YES;
				INFOPLIST_KEY_UILaunchScreen_Generation = YES;
				INFOPLIST_KEY_UISupportedInterfaceOrientations_iPad = "UIInterfaceOrientationPortrait UIInterfaceOrientationPortraitUpsideDown UIInterfaceOrientationLandscapeLeft UIInterfaceOrientationLandscapeRight";
				INFOPLIST_KEY_UISupportedInterfaceOrientations_iPhone = "UIInterfaceOrientationPortrait UIInterfaceOrientationLandscapeLeft UIInterfaceOrientationLandscapeRight";
				IPHONEOS_DEPLOYMENT_TARGET = 15.0;
				LD_RUNPATH_SEARCH_PATHS = (
					"$(inherited)",
					"@executable_path/Frameworks",
				);
				MARKETING_VERSION = 1.0;
				PRODUCT_BUNDLE_IDENTIFIER = cn.dadachen.AnimeTimeLine;
				PRODUCT_NAME = "$(TARGET_NAME)";
				PROVISIONING_PROFILE_SPECIFIER = "";
				SWIFT_EMIT_LOC_STRINGS = YES;
				SWIFT_VERSION = 5.0;
				TARGETED_DEVICE_FAMILY = "1,2";
			};
			name = Debug;
		};
		03111239268E04A800BB5A58 /* Release */ = {
			isa = XCBuildConfiguration;
			baseConfigurationReference = 765475703F2B1C403A4674B5 /* Pods-AnimeTimeLine.release.xcconfig */;
			buildSettings = {
				ASSETCATALOG_COMPILER_APPICON_NAME = AppIcon;
				ASSETCATALOG_COMPILER_GLOBAL_ACCENT_COLOR_NAME = AccentColor;
				CODE_SIGN_IDENTITY = "Apple Development";
				CODE_SIGN_STYLE = Automatic;
				CURRENT_PROJECT_VERSION = 1;
				DEVELOPMENT_ASSET_PATHS = "\"AnimeTimeLine/Preview Content\"";
				DEVELOPMENT_TEAM = KZ4FYT4Z48;
				ENABLE_PREVIEWS = YES;
				GENERATE_INFOPLIST_FILE = YES;
				INFOPLIST_KEY_UIApplicationSceneManifest_Generation = YES;
				INFOPLIST_KEY_UIApplicationSupportsIndirectInputEvents = YES;
				INFOPLIST_KEY_UILaunchScreen_Generation = YES;
				INFOPLIST_KEY_UISupportedInterfaceOrientations_iPad = "UIInterfaceOrientationPortrait UIInterfaceOrientationPortraitUpsideDown UIInterfaceOrientationLandscapeLeft UIInterfaceOrientationLandscapeRight";
				INFOPLIST_KEY_UISupportedInterfaceOrientations_iPhone = "UIInterfaceOrientationPortrait UIInterfaceOrientationLandscapeLeft UIInterfaceOrientationLandscapeRight";
				IPHONEOS_DEPLOYMENT_TARGET = 15.0;
				LD_RUNPATH_SEARCH_PATHS = (
					"$(inherited)",
					"@executable_path/Frameworks",
				);
				MARKETING_VERSION = 1.0;
				PRODUCT_BUNDLE_IDENTIFIER = cn.dadachen.AnimeTimeLine;
				PRODUCT_NAME = "$(TARGET_NAME)";
				PROVISIONING_PROFILE_SPECIFIER = "";
				SWIFT_EMIT_LOC_STRINGS = YES;
				SWIFT_VERSION = 5.0;
				TARGETED_DEVICE_FAMILY = "1,2";
			};
			name = Release;
		};
		0311123B268E04A800BB5A58 /* Debug */ = {
			isa = XCBuildConfiguration;
			baseConfigurationReference = BA4DB758792E74B743CBA002 /* Pods-AnimeTimeLineTests.debug.xcconfig */;
			buildSettings = {
				ALWAYS_EMBED_SWIFT_STANDARD_LIBRARIES = YES;
				BUNDLE_LOADER = "$(TEST_HOST)";
				CODE_SIGN_STYLE = Automatic;
				CURRENT_PROJECT_VERSION = 1;
				DEVELOPMENT_TEAM = KZ4FYT4Z48;
				GENERATE_INFOPLIST_FILE = YES;
				IPHONEOS_DEPLOYMENT_TARGET = 14.0;
				LD_RUNPATH_SEARCH_PATHS = (
					"$(inherited)",
					"@executable_path/Frameworks",
					"@loader_path/Frameworks",
				);
				MARKETING_VERSION = 1.0;
				PRODUCT_BUNDLE_IDENTIFIER = cn.dadachen.AnimeTimeLineTests;
				PRODUCT_NAME = "$(TARGET_NAME)";
				SWIFT_EMIT_LOC_STRINGS = NO;
				SWIFT_VERSION = 5.0;
				TARGETED_DEVICE_FAMILY = "1,2";
				TEST_HOST = "$(BUILT_PRODUCTS_DIR)/AnimeTimeLine.app/AnimeTimeLine";
			};
			name = Debug;
		};
		0311123C268E04A800BB5A58 /* Release */ = {
			isa = XCBuildConfiguration;
			baseConfigurationReference = F8C2099E447BD30B84330EE9 /* Pods-AnimeTimeLineTests.release.xcconfig */;
			buildSettings = {
				ALWAYS_EMBED_SWIFT_STANDARD_LIBRARIES = YES;
				BUNDLE_LOADER = "$(TEST_HOST)";
				CODE_SIGN_STYLE = Automatic;
				CURRENT_PROJECT_VERSION = 1;
				DEVELOPMENT_TEAM = KZ4FYT4Z48;
				GENERATE_INFOPLIST_FILE = YES;
				IPHONEOS_DEPLOYMENT_TARGET = 14.0;
				LD_RUNPATH_SEARCH_PATHS = (
					"$(inherited)",
					"@executable_path/Frameworks",
					"@loader_path/Frameworks",
				);
				MARKETING_VERSION = 1.0;
				PRODUCT_BUNDLE_IDENTIFIER = cn.dadachen.AnimeTimeLineTests;
				PRODUCT_NAME = "$(TARGET_NAME)";
				SWIFT_EMIT_LOC_STRINGS = NO;
				SWIFT_VERSION = 5.0;
				TARGETED_DEVICE_FAMILY = "1,2";
				TEST_HOST = "$(BUILT_PRODUCTS_DIR)/AnimeTimeLine.app/AnimeTimeLine";
			};
			name = Release;
		};
		0311123E268E04A800BB5A58 /* Debug */ = {
			isa = XCBuildConfiguration;
			baseConfigurationReference = 23287521ADE0B770DD7E96E9 /* Pods-AnimeTimeLine-AnimeTimeLineUITests.debug.xcconfig */;
			buildSettings = {
				ALWAYS_EMBED_SWIFT_STANDARD_LIBRARIES = YES;
				CODE_SIGN_STYLE = Automatic;
				CURRENT_PROJECT_VERSION = 1;
				DEVELOPMENT_TEAM = KZ4FYT4Z48;
				GENERATE_INFOPLIST_FILE = YES;
				LD_RUNPATH_SEARCH_PATHS = (
					"$(inherited)",
					"@executable_path/Frameworks",
					"@loader_path/Frameworks",
				);
				MARKETING_VERSION = 1.0;
				PRODUCT_BUNDLE_IDENTIFIER = cn.dadachen.AnimeTimeLineUITests;
				PRODUCT_NAME = "$(TARGET_NAME)";
				SWIFT_EMIT_LOC_STRINGS = NO;
				SWIFT_VERSION = 5.0;
				TARGETED_DEVICE_FAMILY = "1,2";
				TEST_TARGET_NAME = AnimeTimeLine;
			};
			name = Debug;
		};
		0311123F268E04A800BB5A58 /* Release */ = {
			isa = XCBuildConfiguration;
			baseConfigurationReference = 227524D622257057FC510B3E /* Pods-AnimeTimeLine-AnimeTimeLineUITests.release.xcconfig */;
			buildSettings = {
				ALWAYS_EMBED_SWIFT_STANDARD_LIBRARIES = YES;
				CODE_SIGN_STYLE = Automatic;
				CURRENT_PROJECT_VERSION = 1;
				DEVELOPMENT_TEAM = KZ4FYT4Z48;
				GENERATE_INFOPLIST_FILE = YES;
				LD_RUNPATH_SEARCH_PATHS = (
					"$(inherited)",
					"@executable_path/Frameworks",
					"@loader_path/Frameworks",
				);
				MARKETING_VERSION = 1.0;
				PRODUCT_BUNDLE_IDENTIFIER = cn.dadachen.AnimeTimeLineUITests;
				PRODUCT_NAME = "$(TARGET_NAME)";
				SWIFT_EMIT_LOC_STRINGS = NO;
				SWIFT_VERSION = 5.0;
				TARGETED_DEVICE_FAMILY = "1,2";
				TEST_TARGET_NAME = AnimeTimeLine;
			};
			name = Release;
		};
/* End XCBuildConfiguration section */

/* Begin XCConfigurationList section */
		03111210268E04A600BB5A58 /* Build configuration list for PBXProject "AnimeTimeLine" */ = {
			isa = XCConfigurationList;
			buildConfigurations = (
				03111235268E04A800BB5A58 /* Debug */,
				03111236268E04A800BB5A58 /* Release */,
			);
			defaultConfigurationIsVisible = 0;
			defaultConfigurationName = Release;
		};
		03111237268E04A800BB5A58 /* Build configuration list for PBXNativeTarget "AnimeTimeLine" */ = {
			isa = XCConfigurationList;
			buildConfigurations = (
				03111238268E04A800BB5A58 /* Debug */,
				03111239268E04A800BB5A58 /* Release */,
			);
			defaultConfigurationIsVisible = 0;
			defaultConfigurationName = Release;
		};
		0311123A268E04A800BB5A58 /* Build configuration list for PBXNativeTarget "AnimeTimeLineTests" */ = {
			isa = XCConfigurationList;
			buildConfigurations = (
				0311123B268E04A800BB5A58 /* Debug */,
				0311123C268E04A800BB5A58 /* Release */,
			);
			defaultConfigurationIsVisible = 0;
			defaultConfigurationName = Release;
		};
		0311123D268E04A800BB5A58 /* Build configuration list for PBXNativeTarget "AnimeTimeLineUITests" */ = {
			isa = XCConfigurationList;
			buildConfigurations = (
				0311123E268E04A800BB5A58 /* Debug */,
				0311123F268E04A800BB5A58 /* Release */,
			);
			defaultConfigurationIsVisible = 0;
			defaultConfigurationName = Release;
		};
/* End XCConfigurationList section */

/* Begin XCRemoteSwiftPackageReference section */
		0380DF67268FE80B00F0A79C /* XCRemoteSwiftPackageReference "SDWebImageSwiftUI" */ = {
			isa = XCRemoteSwiftPackageReference;
			repositoryURL = "https://github.com/SDWebImage/SDWebImageSwiftUI";
			requirement = {
				kind = upToNextMajorVersion;
				minimumVersion = 2.0.0;
			};
		};
/* End XCRemoteSwiftPackageReference section */

/* Begin XCVersionGroup section */
		03E7FA5B268F51B200AC5D5E /* AnimeDB.xcdatamodeld */ = {
			isa = XCVersionGroup;
			children = (
				03E7FA5C268F51B200AC5D5E /* AnimeDB.xcdatamodel */,
			);
			currentVersion = 03E7FA5C268F51B200AC5D5E /* AnimeDB.xcdatamodel */;
			path = AnimeDB.xcdatamodeld;
			sourceTree = "<group>";
			versionGroupType = wrapper.xcdatamodel;
		};
/* End XCVersionGroup section */
	};
	rootObject = 0311120D268E04A600BB5A58 /* Project object */;
}
